
Microsoft Visual Studio Solution File, Format Version 12.00
# Visual Studio Version 17
VisualStudioVersion = 17.9.34714.143
MinimumVisualStudioVersion = 10.0.40219.1
Project("{9A19103F-16F7-4668-BE54-9A1E7A4F7556}") = "BlazorWasm.API", "BlazorWasm.API\BlazorWasm.API.csproj", "{894BA8E2-A582-4BCD-8673-A3A88675AC54}"
EndProject
Project("{9A19103F-16F7-4668-BE54-9A1E7A4F7556}") = "BlazorWasm.Shared", "BlazorWasm.Shared\BlazorWasm.Shared.csproj", "{36912B1A-FC91-4E60-8042-D925A0A10B13}"
EndProject
Project("{9A19103F-16F7-4668-BE54-9A1E7A4F7556}") = "BlazorWasm.Client", "BlazorWasm.Client\BlazorWasm.Client.csproj", "{ECEE78F7-1962-4F01-9F20-0E6C49173FEE}"
EndProject
Global
	GlobalSection(SolutionConfigurationPlatforms) = preSolution
		Debug|Any CPU = Debug|Any CPU
		Release|Any CPU = Release|Any CPU
	EndGlobalSection
	GlobalSection(ProjectConfigurationPlatforms) = postSolution
		{894BA8E2-A582-4BCD-8673-A3A88675AC54}.Debug|Any CPU.ActiveCfg = Debug|Any CPU
		{894BA8E2-A582-4BCD-8673-A3A88675AC54}.Debug|Any CPU.Build.0 = Debug|Any CPU
		{894BA8E2-A582-4BCD-8673-A3A88675AC54}.Release|Any CPU.ActiveCfg = Release|Any CPU
		{894BA8E2-A582-4BCD-8673-A3A88675AC54}.Release|Any CPU.Build.0 = Release|Any CPU
		{36912B1A-FC91-4E60-8042-D925A0A10B13}.Debug|Any CPU.ActiveCfg = Debug|Any CPU
		{36912B1A-FC91-4E60-8042-D925A0A10B13}.Debug|Any CPU.Build.0 = Debug|Any CPU
		{36912B1A-FC91-4E60-8042-D925A0A10B13}.Release|Any CPU.ActiveCfg = Release|Any CPU
		{36912B1A-FC91-4E60-8042-D925A0A10B13}.Release|Any CPU.Build.0 = Release|Any CPU
		{ECEE78F7-1962-4F01-9F20-0E6C49173FEE}.Debug|Any CPU.ActiveCfg = Debug|Any CPU
		{ECEE78F7-1962-4F01-9F20-0E6C49173FEE}.Debug|Any CPU.Build.0 = Debug|Any CPU
		{ECEE78F7-1962-4F01-9F20-0E6C49173FEE}.Release|Any CPU.ActiveCfg = Release|Any CPU
		{ECEE78F7-1962-4F01-9F20-0E6C49173FEE}.Release|Any CPU.Build.0 = Release|Any CPU
	EndGlobalSection
	GlobalSection(SolutionProperties) = preSolution
		HideSolutionNode = FALSE
	EndGlobalSection
	GlobalSection(ExtensibilityGlobals) = postSolution
		SolutionGuid = {968C5B61-0FDE-456C-B1A3-8165695ABF7A}
	EndGlobalSection
EndGlobal
